// !$*UTF8*$!
{
	archiveVersion = 1;
	classes = {
	};
	objectVersion = 50;
	objects = {

/* Begin PBXBuildFile section */
		F87C041221F26F3E004E7DCD /* AppDelegate.swift in Sources */ = {isa = PBXBuildFile; fileRef = F87C041121F26F3E004E7DCD /* AppDelegate.swift */; };
		F87C041421F26F3E004E7DCD /* ViewController.swift in Sources */ = {isa = PBXBuildFile; fileRef = F87C041321F26F3E004E7DCD /* ViewController.swift */; };
		F87C041721F26F3E004E7DCD /* Main.storyboard in Resources */ = {isa = PBXBuildFile; fileRef = F87C041521F26F3E004E7DCD /* Main.storyboard */; };
		F87C041921F26F40004E7DCD /* Assets.xcassets in Resources */ = {isa = PBXBuildFile; fileRef = F87C041821F26F40004E7DCD /* Assets.xcassets */; };
		F87C041C21F26F40004E7DCD /* LaunchScreen.storyboard in Resources */ = {isa = PBXBuildFile; fileRef = F87C041A21F26F40004E7DCD /* LaunchScreen.storyboard */; };
		F87C042721F26F40004E7DCD /* FlixsterTests.swift in Sources */ = {isa = PBXBuildFile; fileRef = F87C042621F26F40004E7DCD /* FlixsterTests.swift */; };
		F87C043221F26F40004E7DCD /* FlixsterUITests.swift in Sources */ = {isa = PBXBuildFile; fileRef = F87C043121F26F40004E7DCD /* FlixsterUITests.swift */; };
/* End PBXBuildFile section */

/* Begin PBXContainerItemProxy section */
		F87C042321F26F40004E7DCD /* PBXContainerItemProxy */ = {
			isa = PBXContainerItemProxy;
			containerPortal = F87C040621F26F3E004E7DCD /* Project object */;
			proxyType = 1;
			remoteGlobalIDString = F87C040D21F26F3E004E7DCD;
			remoteInfo = Flixster;
		};
		F87C042E21F26F40004E7DCD /* PBXContainerItemProxy */ = {
			isa = PBXContainerItemProxy;
			containerPortal = F87C040621F26F3E004E7DCD /* Project object */;
			proxyType = 1;
			remoteGlobalIDString = F87C040D21F26F3E004E7DCD;
			remoteInfo = Flixster;
		};
/* End PBXContainerItemProxy section */

/* Begin PBXFileReference section */
		F87C040E21F26F3E004E7DCD /* Flixster.app */ = {isa = PBXFileReference; explicitFileType = wrapper.application; includeInIndex = 0; path = Flixster.app; sourceTree = BUILT_PRODUCTS_DIR; };
		F87C041121F26F3E004E7DCD /* AppDelegate.swift */ = {isa = PBXFileReference; lastKnownFileType = sourcecode.swift; path = AppDelegate.swift; sourceTree = "<group>"; };
		F87C041321F26F3E004E7DCD /* ViewController.swift */ = {isa = PBXFileReference; lastKnownFileType = sourcecode.swift; path = ViewController.swift; sourceTree = "<group>"; };
		F87C041621F26F3E004E7DCD /* Base */ = {isa = PBXFileReference; lastKnownFileType = file.storyboard; name = Base; path = Base.lproj/Main.storyboard; sourceTree = "<group>"; };
		F87C041821F26F40004E7DCD /* Assets.xcassets */ = {isa = PBXFileReference; lastKnownFileType = folder.assetcatalog; path = Assets.xcassets; sourceTree = "<group>"; };
		F87C041B21F26F40004E7DCD /* Base */ = {isa = PBXFileReference; lastKnownFileType = file.storyboard; name = Base; path = Base.lproj/LaunchScreen.storyboard; sourceTree = "<group>"; };
		F87C041D21F26F40004E7DCD /* Info.plist */ = {isa = PBXFileReference; lastKnownFileType = text.plist.xml; path = Info.plist; sourceTree = "<group>"; };
		F87C042221F26F40004E7DCD /* FlixsterTests.xctest */ = {isa = PBXFileReference; explicitFileType = wrapper.cfbundle; includeInIndex = 0; path = FlixsterTests.xctest; sourceTree = BUILT_PRODUCTS_DIR; };
		F87C042621F26F40004E7DCD /* FlixsterTests.swift */ = {isa = PBXFileReference; lastKnownFileType = sourcecode.swift; path = FlixsterTests.swift; sourceTree = "<group>"; };
		F87C042821F26F40004E7DCD /* Info.plist */ = {isa = PBXFileReference; lastKnownFileType = text.plist.xml; path = Info.plist; sourceTree = "<group>"; };
		F87C042D21F26F40004E7DCD /* FlixsterUITests.xctest */ = {isa = PBXFileReference; explicitFileType = wrapper.cfbundle; includeInIndex = 0; path = FlixsterUITests.xctest; sourceTree = BUILT_PRODUCTS_DIR; };
		F87C043121F26F40004E7DCD /* FlixsterUITests.swift */ = {isa = PBXFileReference; lastKnownFileType = sourcecode.swift; path = FlixsterUITests.swift; sourceTree = "<group>"; };
		F87C043321F26F40004E7DCD /* Info.plist */ = {isa = PBXFileReference; lastKnownFileType = text.plist.xml; path = Info.plist; sourceTree = "<group>"; };
/* End PBXFileReference section */

/* Begin PBXFrameworksBuildPhase section */
		F87C040B21F26F3E004E7DCD /* Frameworks */ = {
			isa = PBXFrameworksBuildPhase;
			buildActionMask = 2147483647;
			files = (
			);
			runOnlyForDeploymentPostprocessing = 0;
		};
		F87C041F21F26F40004E7DCD /* Frameworks */ = {
			isa = PBXFrameworksBuildPhase;
			buildActionMask = 2147483647;
			files = (
			);
			runOnlyForDeploymentPostprocessing = 0;
		};
		F87C042A21F26F40004E7DCD /* Frameworks */ = {
			isa = PBXFrameworksBuildPhase;
			buildActionMask = 2147483647;
			files = (
			);
			runOnlyForDeploymentPostprocessing = 0;
		};
/* End PBXFrameworksBuildPhase section */

/* Begin PBXGroup section */
		F87C040521F26F3E004E7DCD = {
			isa = PBXGroup;
			children = (
				F87C041021F26F3E004E7DCD /* Flixster */,
				F87C042521F26F40004E7DCD /* FlixsterTests */,
				F87C043021F26F40004E7DCD /* FlixsterUITests */,
				F87C040F21F26F3E004E7DCD /* Products */,
			);
			sourceTree = "<group>";
		};
		F87C040F21F26F3E004E7DCD /* Products */ = {
			isa = PBXGroup;
			children = (
				F87C040E21F26F3E004E7DCD /* Flixster.app */,
				F87C042221F26F40004E7DCD /* FlixsterTests.xctest */,
				F87C042D21F26F40004E7DCD /* FlixsterUITests.xctest */,
			);
			name = Products;
			sourceTree = "<group>";
		};
		F87C041021F26F3E004E7DCD /* Flixster */ = {
			isa = PBXGroup;
			children = (
				F87C041121F26F3E004E7DCD /* AppDelegate.swift */,
				F87C041321F26F3E004E7DCD /* ViewController.swift */,
				F87C041521F26F3E004E7DCD /* Main.storyboard */,
				F87C041821F26F40004E7DCD /* Assets.xcassets */,
				F87C041A21F26F40004E7DCD /* LaunchScreen.storyboard */,
				F87C041D21F26F40004E7DCD /* Info.plist */,
			);
			path = Flixster;
			sourceTree = "<group>";
		};
		F87C042521F26F40004E7DCD /* FlixsterTests */ = {
			isa = PBXGroup;
			children = (
				F87C042621F26F40004E7DCD /* FlixsterTests.swift */,
				F87C042821F26F40004E7DCD /* Info.plist */,
			);
			path = FlixsterTests;
			sourceTree = "<group>";
		};
		F87C043021F26F40004E7DCD /* FlixsterUITests */ = {
			isa = PBXGroup;
			children = (
				F87C043121F26F40004E7DCD /* FlixsterUITests.swift */,
				F87C043321F26F40004E7DCD /* Info.plist */,
			);
			path = FlixsterUITests;
			sourceTree = "<group>";
		};
/* End PBXGroup section */

/* Begin PBXNativeTarget section */
		F87C040D21F26F3E004E7DCD /* Flixster */ = {
			isa = PBXNativeTarget;
			buildConfigurationList = F87C043621F26F40004E7DCD /* Build configuration list for PBXNativeTarget "Flixster" */;
			buildPhases = (
				F87C040A21F26F3E004E7DCD /* Sources */,
				F87C040B21F26F3E004E7DCD /* Frameworks */,
				F87C040C21F26F3E004E7DCD /* Resources */,
			);
			buildRules = (
			);
			dependencies = (
			);
			name = Flixster;
			productName = Flixster;
			productReference = F87C040E21F26F3E004E7DCD /* Flixster.app */;
			productType = "com.apple.product-type.application";
		};
		F87C042121F26F40004E7DCD /* FlixsterTests */ = {
			isa = PBXNativeTarget;
			buildConfigurationList = F87C043921F26F40004E7DCD /* Build configuration list for PBXNativeTarget "FlixsterTests" */;
			buildPhases = (
				F87C041E21F26F40004E7DCD /* Sources */,
				F87C041F21F26F40004E7DCD /* Frameworks */,
				F87C042021F26F40004E7DCD /* Resources */,
			);
			buildRules = (
			);
			dependencies = (
				F87C042421F26F40004E7DCD /* PBXTargetDependency */,
			);
			name = FlixsterTests;
			productName = FlixsterTests;
			productReference = F87C042221F26F40004E7DCD /* FlixsterTests.xctest */;
			productType = "com.apple.product-type.bundle.unit-test";
		};
		F87C042C21F26F40004E7DCD /* FlixsterUITests */ = {
			isa = PBXNativeTarget;
			buildConfigurationList = F87C043C21F26F40004E7DCD /* Build configuration list for PBXNativeTarget "FlixsterUITests" */;
			buildPhases = (
				F87C042921F26F40004E7DCD /* Sources */,
				F87C042A21F26F40004E7DCD /* Frameworks */,
				F87C042B21F26F40004E7DCD /* Resources */,
			);
			buildRules = (
			);
			dependencies = (
				F87C042F21F26F40004E7DCD /* PBXTargetDependency */,
			);
			name = FlixsterUITests;
			productName = FlixsterUITests;
			productReference = F87C042D21F26F40004E7DCD /* FlixsterUITests.xctest */;
			productType = "com.apple.product-type.bundle.ui-testing";
		};
/* End PBXNativeTarget section */

/* Begin PBXProject section */
		F87C040621F26F3E004E7DCD /* Project object */ = {
			isa = PBXProject;
			attributes = {
				LastSwiftUpdateCheck = 0940;
				LastUpgradeCheck = 0940;
				ORGANIZATIONNAME = rohitsriram;
				TargetAttributes = {
					F87C040D21F26F3E004E7DCD = {
						CreatedOnToolsVersion = 9.4.1;
					};
					F87C042121F26F40004E7DCD = {
						CreatedOnToolsVersion = 9.4.1;
						TestTargetID = F87C040D21F26F3E004E7DCD;
					};
					F87C042C21F26F40004E7DCD = {
						CreatedOnToolsVersion = 9.4.1;
						TestTargetID = F87C040D21F26F3E004E7DCD;
					};
				};
			};
			buildConfigurationList = F87C040921F26F3E004E7DCD /* Build configuration list for PBXProject "Flixster" */;
			compatibilityVersion = "Xcode 9.3";
			developmentRegion = en;
			hasScannedForEncodings = 0;
			knownRegions = (
				en,
				Base,
			);
			mainGroup = F87C040521F26F3E004E7DCD;
			productRefGroup = F87C040F21F26F3E004E7DCD /* Products */;
			projectDirPath = "";
			projectRoot = "";
			targets = (
				F87C040D21F26F3E004E7DCD /* Flixster */,
				F87C042121F26F40004E7DCD /* FlixsterTests */,
				F87C042C21F26F40004E7DCD /* FlixsterUITests */,
			);
		};
/* End PBXProject section */

/* Begin PBXResourcesBuildPhase section */
		F87C040C21F26F3E004E7DCD /* Resources */ = {
			isa = PBXResourcesBuildPhase;
			buildActionMask = 2147483647;
			files = (
				F87C041C21F26F40004E7DCD /* LaunchScreen.storyboard in Resources */,
				F87C041921F26F40004E7DCD /* Assets.xcassets in Resources */,
				F87C041721F26F3E004E7DCD /* Main.storyboard in Resources */,
			);
			runOnlyForDeploymentPostprocessing = 0;
		};
		F87C042021F26F40004E7DCD /* Resources */ = {
			isa = PBXResourcesBuildPhase;
			buildActionMask = 2147483647;
			files = (
			);
			runOnlyForDeploymentPostprocessing = 0;
		};
		F87C042B21F26F40004E7DCD /* Resources */ = {
			isa = PBXResourcesBuildPhase;
			buildActionMask = 2147483647;
			files = (
			);
			runOnlyForDeploymentPostprocessing = 0;
		};
/* End PBXResourcesBuildPhase section */

/* Begin PBXSourcesBuildPhase section */
		F87C040A21F26F3E004E7DCD /* Sources */ = {
			isa = PBXSourcesBuildPhase;
			buildActionMask = 2147483647;
			files = (
				F87C041421F26F3E004E7DCD /* ViewController.swift in Sources */,
				F87C041221F26F3E004E7DCD /* AppDelegate.swift in Sources */,
			);
			runOnlyForDeploymentPostprocessing = 0;
		};
		F87C041E21F26F40004E7DCD /* Sources */ = {
			isa = PBXSourcesBuildPhase;
			buildActionMask = 2147483647;
			files = (
				F87C042721F26F40004E7DCD /* FlixsterTests.swift in Sources */,
			);
			runOnlyForDeploymentPostprocessing = 0;
		};
		F87C042921F26F40004E7DCD /* Sources */ = {
			isa = PBXSourcesBuildPhase;
			buildActionMask = 2147483647;
			files = (
				F87C043221F26F40004E7DCD /* FlixsterUITests.swift in Sources */,
			);
			runOnlyForDeploymentPostprocessing = 0;
		};
/* End PBXSourcesBuildPhase section */

/* Begin PBXTargetDependency section */
		F87C042421F26F40004E7DCD /* PBXTargetDependency */ = {
			isa = PBXTargetDependency;
			target = F87C040D21F26F3E004E7DCD /* Flixster */;
			targetProxy = F87C042321F26F40004E7DCD /* PBXContainerItemProxy */;
		};
		F87C042F21F26F40004E7DCD /* PBXTargetDependency */ = {
			isa = PBXTargetDependency;
			target = F87C040D21F26F3E004E7DCD /* Flixster */;
			targetProxy = F87C042E21F26F40004E7DCD /* PBXContainerItemProxy */;
		};
/* End PBXTargetDependency section */

/* Begin PBXVariantGroup section */
		F87C041521F26F3E004E7DCD /* Main.storyboard */ = {
			isa = PBXVariantGroup;
			children = (
				F87C041621F26F3E004E7DCD /* Base */,
			);
			name = Main.storyboard;
			sourceTree = "<group>";
		};
		F87C041A21F26F40004E7DCD /* LaunchScreen.storyboard */ = {
			isa = PBXVariantGroup;
			children = (
				F87C041B21F26F40004E7DCD /* Base */,
			);
			name = LaunchScreen.storyboard;
			sourceTree = "<group>";
		};
/* End PBXVariantGroup section */

/* Begin XCBuildConfiguration section */
		F87C043421F26F40004E7DCD /* Debug */ = {
			isa = XCBuildConfiguration;
			buildSettings = {
				ALWAYS_SEARCH_USER_PATHS = NO;
				CLANG_ANALYZER_NONNULL = YES;
				CLANG_ANALYZER_NUMBER_OBJECT_CONVERSION = YES_AGGRESSIVE;
				CLANG_CXX_LANGUAGE_STANDARD = "gnu++14";
				CLANG_CXX_LIBRARY = "libc++";
				CLANG_ENABLE_MODULES = YES;
				CLANG_ENABLE_OBJC_ARC = YES;
				CLANG_ENABLE_OBJC_WEAK = YES;
				CLANG_WARN_BLOCK_CAPTURE_AUTORELEASING = YES;
				CLANG_WARN_BOOL_CONVERSION = YES;
				CLANG_WARN_COMMA = YES;
				CLANG_WARN_CONSTANT_CONVERSION = YES;
				CLANG_WARN_DEPRECATED_OBJC_IMPLEMENTATIONS = YES;
				CLANG_WARN_DIRECT_OBJC_ISA_USAGE = YES_ERROR;
				CLANG_WARN_DOCUMENTATION_COMMENTS = YES;
				CLANG_WARN_EMPTY_BODY = YES;
				CLANG_WARN_ENUM_CONVERSION = YES;
				CLANG_WARN_INFINITE_RECURSION = YES;
				CLANG_WARN_INT_CONVERSION = YES;
				CLANG_WARN_NON_LITERAL_NULL_CONVERSION = YES;
				CLANG_WARN_OBJC_IMPLICIT_RETAIN_SELF = YES;
				CLANG_WARN_OBJC_LITERAL_CONVERSION = YES;
				CLANG_WARN_OBJC_ROOT_CLASS = YES_ERROR;
				CLANG_WARN_RANGE_LOOP_ANALYSIS = YES;
				CLANG_WARN_STRICT_PROTOTYPES = YES;
				CLANG_WARN_SUSPICIOUS_MOVE = YES;
				CLANG_WARN_UNGUARDED_AVAILABILITY = YES_AGGRESSIVE;
				CLANG_WARN_UNREACHABLE_CODE = YES;
				CLANG_WARN__DUPLICATE_METHOD_MATCH = YES;
				CODE_SIGN_IDENTITY = "iPhone Developer";
				COPY_PHASE_STRIP = NO;
				DEBUG_INFORMATION_FORMAT = dwarf;
				ENABLE_STRICT_OBJC_MSGSEND = YES;
				ENABLE_TESTABILITY = YES;
				GCC_C_LANGUAGE_STANDARD = gnu11;
				GCC_DYNAMIC_NO_PIC = NO;
				GCC_NO_COMMON_BLOCKS = YES;
				GCC_OPTIMIZATION_LEVEL = 0;
				GCC_PREPROCESSOR_DEFINITIONS = (
					"DEBUG=1",
					"$(inherited)",
				);
				GCC_WARN_64_TO_32_BIT_CONVERSION = YES;
				GCC_WARN_ABOUT_RETURN_TYPE = YES_ERROR;
				GCC_WARN_UNDECLARED_SELECTOR = YES;
				GCC_WARN_UNINITIALIZED_AUTOS = YES_AGGRESSIVE;
				GCC_WARN_UNUSED_FUNCTION = YES;
				GCC_WARN_UNUSED_VARIABLE = YES;
				IPHONEOS_DEPLOYMENT_TARGET = 11.4;
				MTL_ENABLE_DEBUG_INFO = YES;
				ONLY_ACTIVE_ARCH = YES;
				SDKROOT = iphoneos;
				SWIFT_ACTIVE_COMPILATION_CONDITIONS = DEBUG;
				SWIFT_OPTIMIZATION_LEVEL = "-Onone";
			};
			name = Debug;
		};
		F87C043521F26F40004E7DCD /* Release */ = {
			isa = XCBuildConfiguration;
			buildSettings = {
				ALWAYS_SEARCH_USER_PATHS = NO;
				CLANG_ANALYZER_NONNULL = YES;
				CLANG_ANALYZER_NUMBER_OBJECT_CONVERSION = YES_AGGRESSIVE;
				CLANG_CXX_LANGUAGE_STANDARD = "gnu++14";
				CLANG_CXX_LIBRARY = "libc++";
				CLANG_ENABLE_MODULES = YES;
				CLANG_ENABLE_OBJC_ARC = YES;
				CLANG_ENABLE_OBJC_WEAK = YES;
				CLANG_WARN_BLOCK_CAPTURE_AUTORELEASING = YES;
				CLANG_WARN_BOOL_CONVERSION = YES;
				CLANG_WARN_COMMA = YES;
				CLANG_WARN_CONSTANT_CONVERSION = YES;
				CLANG_WARN_DEPRECATED_OBJC_IMPLEMENTATIONS = YES;
				CLANG_WARN_DIRECT_OBJC_ISA_USAGE = YES_ERROR;
				CLANG_WARN_DOCUMENTATION_COMMENTS = YES;
				CLANG_WARN_EMPTY_BODY = YES;
				CLANG_WARN_ENUM_CONVERSION = YES;
				CLANG_WARN_INFINITE_RECURSION = YES;
				CLANG_WARN_INT_CONVERSION = YES;
				CLANG_WARN_NON_LITERAL_NULL_CONVERSION = YES;
				CLANG_WARN_OBJC_IMPLICIT_RETAIN_SELF = YES;
				CLANG_WARN_OBJC_LITERAL_CONVERSION = YES;
				CLANG_WARN_OBJC_ROOT_CLASS = YES_ERROR;
				CLANG_WARN_RANGE_LOOP_ANALYSIS = YES;
				CLANG_WARN_STRICT_PROTOTYPES = YES;
				CLANG_WARN_SUSPICIOUS_MOVE = YES;
				CLANG_WARN_UNGUARDED_AVAILABILITY = YES_AGGRESSIVE;
				CLANG_WARN_UNREACHABLE_CODE = YES;
				CLANG_WARN__DUPLICATE_METHOD_MATCH = YES;
				CODE_SIGN_IDENTITY = "iPhone Developer";
				COPY_PHASE_STRIP = NO;
				DEBUG_INFORMATION_FORMAT = "dwarf-with-dsym";
				ENABLE_NS_ASSERTIONS = NO;
				ENABLE_STRICT_OBJC_MSGSEND = YES;
				GCC_C_LANGUAGE_STANDARD = gnu11;
				GCC_NO_COMMON_BLOCKS = YES;
				GCC_WARN_64_TO_32_BIT_CONVERSION = YES;
				GCC_WARN_ABOUT_RETURN_TYPE = YES_ERROR;
				GCC_WARN_UNDECLARED_SELECTOR = YES;
				GCC_WARN_UNINITIALIZED_AUTOS = YES_AGGRESSIVE;
				GCC_WARN_UNUSED_FUNCTION = YES;
				GCC_WARN_UNUSED_VARIABLE = YES;
				IPHONEOS_DEPLOYMENT_TARGET = 11.4;
				MTL_ENABLE_DEBUG_INFO = NO;
				SDKROOT = iphoneos;
				SWIFT_COMPILATION_MODE = wholemodule;
				SWIFT_OPTIMIZATION_LEVEL = "-O";
				VALIDATE_PRODUCT = YES;
			};
			name = Release;
		};
		F87C043721F26F40004E7DCD /* Debug */ = {
			isa = XCBuildConfiguration;
			buildSettings = {
				ASSETCATALOG_COMPILER_APPICON_NAME = AppIcon;
				CODE_SIGN_STYLE = Automatic;
				INFOPLIST_FILE = Flixster/Info.plist;
				LD_RUNPATH_SEARCH_PATHS = (
					"$(inherited)",
					"@executable_path/Frameworks",
				);
				PRODUCT_BUNDLE_IDENTIFIER = CodePath.Flixster;
				PRODUCT_NAME = "$(TARGET_NAME)";
				SWIFT_VERSION = 4.0;
				TARGETED_DEVICE_FAMILY = "1,2";
			};
			name = Debug;
		};
		F87C043821F26F40004E7DCD /* Release */ = {
			isa = XCBuildConfiguration;
			buildSettings = {
				ASSETCATALOG_COMPILER_APPICON_NAME = AppIcon;
				CODE_SIGN_STYLE = Automatic;
				INFOPLIST_FILE = Flixster/Info.plist;
				LD_RUNPATH_SEARCH_PATHS = (
					"$(inherited)",
					"@executable_path/Frameworks",
				);
				PRODUCT_BUNDLE_IDENTIFIER = CodePath.Flixster;
				PRODUCT_NAME = "$(TARGET_NAME)";
				SWIFT_VERSION = 4.0;
				TARGETED_DEVICE_FAMILY = "1,2";
			};
			name = Release;
		};
		F87C043A21F26F40004E7DCD /* Debug */ = {
			isa = XCBuildConfiguration;
			buildSettings = {
				ALWAYS_EMBED_SWIFT_STANDARD_LIBRARIES = YES;
				BUNDLE_LOADER = "$(TEST_HOST)";
				CODE_SIGN_STYLE = Automatic;
				INFOPLIST_FILE = FlixsterTests/Info.plist;
				LD_RUNPATH_SEARCH_PATHS = (
					"$(inherited)",
					"@executable_path/Frameworks",
					"@loader_path/Frameworks",
				);
				PRODUCT_BUNDLE_IDENTIFIER = CodePath.FlixsterTests;
				PRODUCT_NAME = "$(TARGET_NAME)";
				SWIFT_VERSION = 4.0;
				TARGETED_DEVICE_FAMILY = "1,2";
				TEST_HOST = "$(BUILT_PRODUCTS_DIR)/Flixster.app/Flixster";
			};
			name = Debug;
		};
		F87C043B21F26F40004E7DCD /* Release */ = {
			isa = XCBuildConfiguration;
			buildSettings = {
				ALWAYS_EMBED_SWIFT_STANDARD_LIBRARIES = YES;
				BUNDLE_LOADER = "$(TEST_HOST)";
				CODE_SIGN_STYLE = Automatic;
				INFOPLIST_FILE = FlixsterTests/Info.plist;
				LD_RUNPATH_SEARCH_PATHS = (
					"$(inherited)",
					"@executable_path/Frameworks",
					"@loader_path/Frameworks",
				);
				PRODUCT_BUNDLE_IDENTIFIER = CodePath.FlixsterTests;
				PRODUCT_NAME = "$(TARGET_NAME)";
				SWIFT_VERSION = 4.0;
				TARGETED_DEVICE_FAMILY = "1,2";
				TEST_HOST = "$(BUILT_PRODUCTS_DIR)/Flixster.app/Flixster";
			};
			name = Release;
		};
		F87C043D21F26F40004E7DCD /* Debug */ = {
			isa = XCBuildConfiguration;
			buildSettings = {
				ALWAYS_EMBED_SWIFT_STANDARD_LIBRARIES = YES;
				CODE_SIGN_STYLE = Automatic;
				INFOPLIST_FILE = FlixsterUITests/Info.plist;
				LD_RUNPATH_SEARCH_PATHS = (
					"$(inherited)",
					"@executable_path/Frameworks",
					"@loader_path/Frameworks",
				);
				PRODUCT_BUNDLE_IDENTIFIER = CodePath.FlixsterUITests;
				PRODUCT_NAME = "$(TARGET_NAME)";
				SWIFT_VERSION = 4.0;
				TARGETED_DEVICE_FAMILY = "1,2";
				TEST_TARGET_NAME = Flixster;
			};
			name = Debug;
		};
		F87C043E21F26F40004E7DCD /* Release */ = {
			isa = XCBuildConfiguration;
			buildSettings = {
				ALWAYS_EMBED_SWIFT_STANDARD_LIBRARIES = YES;
				CODE_SIGN_STYLE = Automatic;
				INFOPLIST_FILE = FlixsterUITests/Info.plist;
				LD_RUNPATH_SEARCH_PATHS = (
					"$(inherited)",
					"@executable_path/Frameworks",
					"@loader_path/Frameworks",
				);
				PRODUCT_BUNDLE_IDENTIFIER = CodePath.FlixsterUITests;
				PRODUCT_NAME = "$(TARGET_NAME)";
				SWIFT_VERSION = 4.0;
				TARGETED_DEVICE_FAMILY = "1,2";
				TEST_TARGET_NAME = Flixster;
			};
			name = Release;
		};
/* End XCBuildConfiguration section */

/* Begin XCConfigurationList section */
		F87C040921F26F3E004E7DCD /* Build configuration list for PBXProject "Flixster" */ = {
			isa = XCConfigurationList;
			buildConfigurations = (
				F87C043421F26F40004E7DCD /* Debug */,
				F87C043521F26F40004E7DCD /* Release */,
			);
			defaultConfigurationIsVisible = 0;
			defaultConfigurationName = Release;
		};
		F87C043621F26F40004E7DCD /* Build configuration list for PBXNativeTarget "Flixster" */ = {
			isa = XCConfigurationList;
			buildConfigurations = (
				F87C043721F26F40004E7DCD /* Debug */,
				F87C043821F26F40004E7DCD /* Release */,
			);
			defaultConfigurationIsVisible = 0;
			defaultConfigurationName = Release;
		};
		F87C043921F26F40004E7DCD /* Build configuration list for PBXNativeTarget "FlixsterTests" */ = {
			isa = XCConfigurationList;
			buildConfigurations = (
				F87C043A21F26F40004E7DCD /* Debug */,
				F87C043B21F26F40004E7DCD /* Release */,
			);
			defaultConfigurationIsVisible = 0;
			defaultConfigurationName = Release;
		};
		F87C043C21F26F40004E7DCD /* Build configuration list for PBXNativeTarget "FlixsterUITests" */ = {
			isa = XCConfigurationList;
			buildConfigurations = (
				F87C043D21F26F40004E7DCD /* Debug */,
				F87C043E21F26F40004E7DCD /* Release */,
			);
			defaultConfigurationIsVisible = 0;
			defaultConfigurationName = Release;
		};
/* End XCConfigurationList section */
	};
	rootObject = F87C040621F26F3E004E7DCD /* Project object */;
}
